
Microsoft Visual Studio Solution File, Format Version 12.00
# Visual Studio 15
VisualStudioVersion = 15.0.27428.2043
MinimumVisualStudioVersion = 10.0.40219.1
Project("{FAE04EC0-301F-11D3-BF4B-00C04F79EFBC}") = "ASPNETCoreReactJS-Example", "ASPNETCoreReactJS-Example\ASPNETCoreReactJS-Example.csproj", "{75EDD4AE-943A-4F92-AA59-B17012C1E9EF}"
EndProject
Global
	GlobalSection(SolutionConfigurationPlatforms) = preSolution
		Debug|Any CPU = Debug|Any CPU
		Release|Any CPU = Release|Any CPU
	EndGlobalSection
	GlobalSection(ProjectConfigurationPlatforms) = postSolution
		{75EDD4AE-943A-4F92-AA59-B17012C1E9EF}.Debug|Any CPU.ActiveCfg = Debug|Any CPU
		{75EDD4AE-943A-4F92-AA59-B17012C1E9EF}.Debug|Any CPU.Build.0 = Debug|Any CPU
		{75EDD4AE-943A-4F92-AA59-B17012C1E9EF}.Release|Any CPU.ActiveCfg = Release|Any CPU
		{75EDD4AE-943A-4F92-AA59-B17012C1E9EF}.Release|Any CPU.Build.0 = Release|Any CPU
	EndGlobalSection
	GlobalSection(SolutionProperties) = preSolution
		HideSolutionNode = FALSE
	EndGlobalSection
	GlobalSection(ExtensibilityGlobals) = postSolution
		SolutionGuid = {AC398F2C-9E98-49C7-B277-199C18FA48F2}
	EndGlobalSection
EndGlobal
